<?xml version="1.0" encoding="UTF-8" standalone="yes" ?>
<CodeBlocks_project_file>
	<FileVersion major="1" minor="6" />
	<Project>
		<Option title="glsmac" />
		<Option pch_mode="2" />
		<Option compiler="gcc" />
		<Build>
			<Target title="Debug">
				<Option output="build/bin/debug/glsmac" prefix_auto="1" extension_auto="1" />
				<Option object_output="build/obj/debug/" />
				<Option type="1" />
				<Option compiler="gcc" />
				<Compiler>
					<Add option="-ggdb -Og" />
					<Add option="-DDEBUG" />
				</Compiler>
			</Target>
			<Target title="Release">
				<Option output="build/bin/release/glsmac" prefix_auto="1" extension_auto="1" />
				<Option object_output="build/obj/release/" />
				<Option type="0" />
				<Option compiler="gcc" />
				<Compiler>
					<Add option="-O3" />
				</Compiler>
				<Linker>
					<Add option="-s" />
				</Linker>
			</Target>
		</Build>
		<Compiler>
			<Add option="-std=c++17 -march=i686 -mtune=generic -Wall -Wextra" />
			<Add option="-Wno-pointer-arith -Wno-switch -Wno-ignored-qualifiers -Wno-unused-parameter" />
			<Add directory="src/" />
		</Compiler>
		<Linker>
			<Add library="opengl32" />
			<Add library="glew32" />
			<Add library="glu32" />
			<Add library="glut" />
			<Add library="freeglut" />
			<Add library="freetype" />
			<Add library="SDL2_image" />
			<Add library="SDL2main" />
			<Add library="SDL2" />
			<Add library="mingw32" />
			<Add library="user32" />
			<Add library="gdi32" />
			<Add library="winmm" />
			<Add library="imm32" />
			<Add library="shell32" />
			<Add library="advapi32" />
			<Add library="ole32" />
			<Add library="oleaut32" />
			<Add library="setupapi" />
			<Add library="dinput8" />
			<Add library="dxguid" />
			<Add library="dxerr8" />
			<Add library="version" />
			<Add library="uuid" />
			<Add directory="src/" />
		</Linker>
		<Unit filename="src/audio/Audio.cpp" />
		<Unit filename="src/audio/Audio.h" />
		<Unit filename="src/audio/sdl2/SDL2.cpp" />
		<Unit filename="src/audio/sdl2/SDL2.h" />
		<Unit filename="src/audio/sdl2/Sound.cpp" />
		<Unit filename="src/audio/sdl2/Sound.h" />
		<Unit filename="src/base/Base.cpp" />
		<Unit filename="src/base/Base.h" />
		<Unit filename="src/base/MTModule.h" />
		<Unit filename="src/base/Module.h" />
		<Unit filename="src/base/ObjectLink.h" />
		<Unit filename="src/base/Task.h" />
		<Unit filename="src/base/Thread.cpp" />
		<Unit filename="src/base/Thread.h" />
		<Unit filename="src/config/Config.cpp" />
		<Unit filename="src/config/Config.h" />
		<Unit filename="src/debug/DebugOverlay.cpp" />
		<Unit filename="src/debug/DebugOverlay.h" />
		<Unit filename="src/debug/MemoryWatcher.cpp" />
		<Unit filename="src/debug/MemoryWatcher.h" />
		<Unit filename="src/engine/Engine.cpp" />
		<Unit filename="src/engine/Engine.h" />
		<Unit filename="src/env/Debug.h" />
		<Unit filename="src/env/Release.h" />
		<Unit filename="src/env/Win32.h" />
		<Unit filename="src/error_handler/ErrorHandler.h" />
		<Unit filename="src/error_handler/Stdout.cpp" />
		<Unit filename="src/error_handler/Stdout.h" />
		<Unit filename="src/error_handler/Win32.cpp" />
		<Unit filename="src/error_handler/Win32.h" />
		<Unit filename="src/game/Settings.cpp" />
		<Unit filename="src/game/Settings.h" />
		<Unit filename="src/game/common/Common.cpp" />
		<Unit filename="src/game/common/Common.h" />
		<Unit filename="src/game/common/ui/style/Common.cpp" />
		<Unit filename="src/game/common/ui/style/Common.h" />
		<Unit filename="src/game/common/ui/style/Popup.cpp" />
		<Unit filename="src/game/common/ui/style/Popup.h" />
		<Unit filename="src/game/common/ui/style/Theme.cpp" />
		<Unit filename="src/game/common/ui/style/Theme.h" />
		<Unit filename="src/game/intro/Intro.cpp" />
		<Unit filename="src/game/intro/Intro.h" />
		<Unit filename="src/game/intro/Style.cpp" />
		<Unit filename="src/game/intro/Style.h" />
		<Unit filename="src/game/intro/Theme.cpp" />
		<Unit filename="src/game/intro/Theme.h" />
		<Unit filename="src/game/mainmenu/MainMenu.cpp" />
		<Unit filename="src/game/mainmenu/MainMenu.h" />
		<Unit filename="src/game/mainmenu/MenuObject.cpp" />
		<Unit filename="src/game/mainmenu/MenuObject.h" />
		<Unit filename="src/game/mainmenu/PopupMenu.cpp" />
		<Unit filename="src/game/mainmenu/PopupMenu.h" />
		<Unit filename="src/game/mainmenu/SlidingMenu.cpp" />
		<Unit filename="src/game/mainmenu/SlidingMenu.h" />
		<Unit filename="src/game/mainmenu/menu/Clouds.cpp" />
		<Unit filename="src/game/mainmenu/menu/Clouds.h" />
		<Unit filename="src/game/mainmenu/menu/Difficulty.cpp" />
		<Unit filename="src/game/mainmenu/menu/Difficulty.h" />
		<Unit filename="src/game/mainmenu/menu/Erosive.cpp" />
		<Unit filename="src/game/mainmenu/menu/Erosive.h" />
		<Unit filename="src/game/mainmenu/menu/Error.cpp" />
		<Unit filename="src/game/mainmenu/menu/Error.h" />
		<Unit filename="src/game/mainmenu/menu/Host.cpp" />
		<Unit filename="src/game/mainmenu/menu/Host.h" />
		<Unit filename="src/game/mainmenu/menu/HostJoin.cpp" />
		<Unit filename="src/game/mainmenu/menu/HostJoin.h" />
		<Unit filename="src/game/mainmenu/menu/Join.cpp" />
		<Unit filename="src/game/mainmenu/menu/Join.h" />
		<Unit filename="src/game/mainmenu/menu/Lifeforms.cpp" />
		<Unit filename="src/game/mainmenu/menu/Lifeforms.h" />
		<Unit filename="src/game/mainmenu/menu/Lobby.cpp" />
		<Unit filename="src/game/mainmenu/menu/Lobby.h" />
		<Unit filename="src/game/mainmenu/menu/Main.cpp" />
		<Unit filename="src/game/mainmenu/menu/Main.h" />
		<Unit filename="src/game/mainmenu/menu/Multiplayer.cpp" />
		<Unit filename="src/game/mainmenu/menu/Multiplayer.h" />
		<Unit filename="src/game/mainmenu/menu/Ocean.cpp" />
		<Unit filename="src/game/mainmenu/menu/Ocean.h" />
		<Unit filename="src/game/mainmenu/menu/PlanetSize.cpp" />
		<Unit filename="src/game/mainmenu/menu/PlanetSize.h" />
		<Unit filename="src/game/mainmenu/menu/Rules.cpp" />
		<Unit filename="src/game/mainmenu/menu/Rules.h" />
		<Unit filename="src/game/mainmenu/menu/Scenario.cpp" />
		<Unit filename="src/game/mainmenu/menu/Scenario.h" />
		<Unit filename="src/game/mainmenu/menu/StartGame.cpp" />
		<Unit filename="src/game/mainmenu/menu/StartGame.h" />
		<Unit filename="src/game/mainmenu/ui/Theme.cpp" />
		<Unit filename="src/game/mainmenu/ui/Theme.h" />
		<Unit filename="src/game/mainmenu/ui/slidingmenu/MenuBlock.cpp" />
		<Unit filename="src/game/mainmenu/ui/slidingmenu/MenuBlock.h" />
		<Unit filename="src/game/mainmenu/ui/slidingmenu/MenuItem.cpp" />
		<Unit filename="src/game/mainmenu/ui/slidingmenu/MenuItem.h" />
		<Unit filename="src/game/mainmenu/ui/style/Common.cpp" />
		<Unit filename="src/game/mainmenu/ui/style/Common.h" />
		<Unit filename="src/game/mainmenu/ui/style/SlidingMenu.cpp" />
		<Unit filename="src/game/mainmenu/ui/style/SlidingMenu.h" />
		<Unit filename="src/game/world/World.cpp" />
		<Unit filename="src/game/world/World.h" />
		<Unit filename="src/game/world/map/Map.cpp" />
		<Unit filename="src/game/world/map/Map.h" />
		<Unit filename="src/game/world/map/Tile.cpp" />
		<Unit filename="src/game/world/map/Tile.h" />
		<Unit filename="src/game/world/map/Tiles.cpp" />
		<Unit filename="src/game/world/map/Tiles.h" />
		<Unit filename="src/game/world/map_generator/MapGenerator.h" />
		<Unit filename="src/game/world/map_generator/SimplePerlin.cpp" />
		<Unit filename="src/game/world/map_generator/SimplePerlin.h" />
		<Unit filename="src/game/world/map_generator/SimpleRandom.cpp" />
		<Unit filename="src/game/world/map_generator/SimpleRandom.h" />
		<Unit filename="src/game/world/map_generator/Test.cpp" />
		<Unit filename="src/game/world/map_generator/Test.h" />
		<Unit filename="src/graphics/Graphics.cpp" />
		<Unit filename="src/graphics/Graphics.h" />
		<Unit filename="src/graphics/opengl/OpenGL.cpp" />
		<Unit filename="src/graphics/opengl/OpenGL.h" />
		<Unit filename="src/graphics/opengl/Scene.cpp" />
		<Unit filename="src/graphics/opengl/Scene.h" />
		<Unit filename="src/graphics/opengl/actor/Actor.cpp" />
		<Unit filename="src/graphics/opengl/actor/Actor.h" />
		<Unit filename="src/graphics/opengl/actor/Image.cpp" />
		<Unit filename="src/graphics/opengl/actor/Image.h" />
		<Unit filename="src/graphics/opengl/actor/Mesh.cpp" />
		<Unit filename="src/graphics/opengl/actor/Mesh.h" />
		<Unit filename="src/graphics/opengl/actor/Text.cpp" />
		<Unit filename="src/graphics/opengl/actor/Text.h" />
		<Unit filename="src/graphics/opengl/object/mesh/Mesh.cpp" />
		<Unit filename="src/graphics/opengl/object/mesh/Mesh.h" />
		<Unit filename="src/graphics/opengl/object/mesh/TwoDimensionalMesh.cpp" />
		<Unit filename="src/graphics/opengl/object/mesh/TwoDimensionalMesh.h" />
		<Unit filename="src/graphics/opengl/routine/Font.cpp" />
		<Unit filename="src/graphics/opengl/routine/Font.h" />
		<Unit filename="src/graphics/opengl/routine/Overlay.cpp" />
		<Unit filename="src/graphics/opengl/routine/Overlay.h" />
		<Unit filename="src/graphics/opengl/routine/Routine.cpp" />
		<Unit filename="src/graphics/opengl/routine/Routine.h" />
		<Unit filename="src/graphics/opengl/routine/Skybox.cpp" />
		<Unit filename="src/graphics/opengl/routine/Skybox.h" />
		<Unit filename="src/graphics/opengl/routine/World.cpp" />
		<Unit filename="src/graphics/opengl/routine/World.h" />
		<Unit filename="src/graphics/opengl/shader_program/Font.cpp" />
		<Unit filename="src/graphics/opengl/shader_program/Font.h" />
		<Unit filename="src/graphics/opengl/shader_program/Orthographic.cpp" />
		<Unit filename="src/graphics/opengl/shader_program/Orthographic.h" />
		<Unit filename="src/graphics/opengl/shader_program/ShaderProgram.cpp" />
		<Unit filename="src/graphics/opengl/shader_program/ShaderProgram.h" />
		<Unit filename="src/graphics/opengl/shader_program/Simple2D.cpp" />
		<Unit filename="src/graphics/opengl/shader_program/Simple2D.h" />
		<Unit filename="src/graphics/opengl/shader_program/Skybox.cpp" />
		<Unit filename="src/graphics/opengl/shader_program/Skybox.h" />
		<Unit filename="src/graphics/opengl/shader_program/World.cpp" />
		<Unit filename="src/graphics/opengl/shader_program/World.h" />
		<Unit filename="src/graphics/opengl/texture/CubemapTexture.cpp" />
		<Unit filename="src/graphics/opengl/texture/CubemapTexture.h" />
		<Unit filename="src/graphics/opengl/texture/FontTexture.cpp" />
		<Unit filename="src/graphics/opengl/texture/FontTexture.h" />
		<Unit filename="src/graphics/opengl/texture/Texture.cpp" />
		<Unit filename="src/graphics/opengl/texture/Texture.h" />
		<Unit filename="src/input/Input.h" />
		<Unit filename="src/input/sdl2/SDL2.cpp" />
		<Unit filename="src/input/sdl2/SDL2.h" />
		<Unit filename="src/loader/Loader.cpp" />
		<Unit filename="src/loader/Loader.h" />
		<Unit filename="src/loader/font/FontLoader.h" />
		<Unit filename="src/loader/font/FreeType.cpp" />
		<Unit filename="src/loader/font/FreeType.h" />
		<Unit filename="src/loader/sound/SDL2.cpp" />
		<Unit filename="src/loader/sound/SDL2.h" />
		<Unit filename="src/loader/sound/SoundLoader.h" />
		<Unit filename="src/loader/texture/SDL2.cpp" />
		<Unit filename="src/loader/texture/SDL2.h" />
		<Unit filename="src/loader/texture/TextureLoader.cpp" />
		<Unit filename="src/loader/texture/TextureLoader.h" />
		<Unit filename="src/logger/Logger.h" />
		<Unit filename="src/logger/Stdout.cpp" />
		<Unit filename="src/logger/Stdout.h" />
		<Unit filename="src/main.cpp" />
		<Unit filename="src/network/Event.h" />
		<Unit filename="src/network/Network.cpp" />
		<Unit filename="src/network/Network.h" />
		<Unit filename="src/network/simpletcp/SimpleTCP.cpp" />
		<Unit filename="src/network/simpletcp/SimpleTCP.h" />
		<Unit filename="src/scene/Camera.cpp" />
		<Unit filename="src/scene/Camera.h" />
		<Unit filename="src/scene/Entity.cpp" />
		<Unit filename="src/scene/Entity.h" />
		<Unit filename="src/scene/Scene.cpp" />
		<Unit filename="src/scene/Scene.h" />
		<Unit filename="src/scene/actor/Actor.cpp" />
		<Unit filename="src/scene/actor/Actor.h" />
		<Unit filename="src/scene/actor/Image.cpp" />
		<Unit filename="src/scene/actor/Image.h" />
		<Unit filename="src/scene/actor/Mesh.cpp" />
		<Unit filename="src/scene/actor/Mesh.h" />
		<Unit filename="src/scene/actor/Sound.cpp" />
		<Unit filename="src/scene/actor/Sound.h" />
		<Unit filename="src/scene/actor/Text.cpp" />
		<Unit filename="src/scene/actor/Text.h" />
		<Unit filename="src/scene/mesh/Mesh.cpp" />
		<Unit filename="src/scene/mesh/Mesh.h" />
		<Unit filename="src/scene/mesh/Rectangle.cpp" />
		<Unit filename="src/scene/mesh/Rectangle.h" />
		<Unit filename="src/scheduler/Scheduler.h" />
		<Unit filename="src/scheduler/Simple.cpp" />
		<Unit filename="src/scheduler/Simple.h" />
		<Unit filename="src/tmp/last_commit.h" />
		<Unit filename="src/types/Buffer.cpp" />
		<Unit filename="src/types/Buffer.h" />
		<Unit filename="src/types/Color.cpp" />
		<Unit filename="src/types/Color.h" />
		<Unit filename="src/types/Font.cpp" />
		<Unit filename="src/types/Font.h" />
		<Unit filename="src/types/Matrix44.cpp" />
		<Unit filename="src/types/Matrix44.h" />
		<Unit filename="src/types/Packet.cpp" />
		<Unit filename="src/types/Packet.h" />
		<Unit filename="src/types/Serializable.h" />
		<Unit filename="src/types/Sound.cpp" />
		<Unit filename="src/types/Sound.h" />
		<Unit filename="src/types/Texture.cpp" />
		<Unit filename="src/types/Texture.h" />
		<Unit filename="src/types/ThreadCall.cpp" />
		<Unit filename="src/types/ThreadCall.h" />
		<Unit filename="src/types/Vec2.h" />
		<Unit filename="src/types/Vec22.h" />
		<Unit filename="src/types/Vec3.cpp" />
		<Unit filename="src/types/Vec3.h" />
		<Unit filename="src/types/Vec4.cpp" />
		<Unit filename="src/types/Vec4.h" />
		<Unit filename="src/ui/Default.h" />
		<Unit filename="src/ui/UI.cpp" />
		<Unit filename="src/ui/UI.h" />
		<Unit filename="src/ui/event/ButtonClick.h" />
		<Unit filename="src/ui/event/KeyDown.h" />
		<Unit filename="src/ui/event/KeyPress.h" />
		<Unit filename="src/ui/event/KeyUp.h" />
		<Unit filename="src/ui/event/MouseDown.h" />
		<Unit filename="src/ui/event/MouseMove.h" />
		<Unit filename="src/ui/event/MouseScroll.h" />
		<Unit filename="src/ui/event/MouseUp.h" />
		<Unit filename="src/ui/event/UIEvent.cpp" />
		<Unit filename="src/ui/event/UIEvent.h" />
		<Unit filename="src/ui/event/UIEventHandler.cpp" />
		<Unit filename="src/ui/event/UIEventHandler.h" />
		<Unit filename="src/ui/module/Loader.cpp" />
		<Unit filename="src/ui/module/Loader.h" />
		<Unit filename="src/ui/module/UIModule.h" />
		<Unit filename="src/ui/object/Button.cpp" />
		<Unit filename="src/ui/object/Button.h" />
		<Unit filename="src/ui/object/ChoiceList.cpp" />
		<Unit filename="src/ui/object/ChoiceList.h" />
		<Unit filename="src/ui/object/Input.cpp" />
		<Unit filename="src/ui/object/Input.h" />
		<Unit filename="src/ui/object/Label.cpp" />
		<Unit filename="src/ui/object/Label.h" />
		<Unit filename="src/ui/object/Panel.cpp" />
		<Unit filename="src/ui/object/Panel.h" />
		<Unit filename="src/ui/object/Root.h" />
		<Unit filename="src/ui/object/Section.cpp" />
		<Unit filename="src/ui/object/Section.h" />
		<Unit filename="src/ui/object/SoundEffect.cpp" />
		<Unit filename="src/ui/object/SoundEffect.h" />
		<Unit filename="src/ui/object/Surface.cpp" />
		<Unit filename="src/ui/object/Surface.h" />
		<Unit filename="src/ui/object/Text.h" />
		<Unit filename="src/ui/object/UIContainer.cpp" />
		<Unit filename="src/ui/object/UIContainer.h" />
		<Unit filename="src/ui/object/UIObject.cpp" />
		<Unit filename="src/ui/object/UIObject.h" />
		<Unit filename="src/ui/theme/Style.cpp" />
		<Unit filename="src/ui/theme/Style.h" />
		<Unit filename="src/ui/theme/StyleSheet.cpp" />
		<Unit filename="src/ui/theme/StyleSheet.h" />
		<Unit filename="src/ui/theme/Theme.cpp" />
		<Unit filename="src/ui/theme/Theme.h" />
		<Unit filename="src/util/Clamper.h" />
		<Unit filename="src/util/Perlin.cpp" />
		<Unit filename="src/util/Perlin.h" />
		<Unit filename="src/util/SMACChecker.cpp" />
		<Unit filename="src/util/SMACChecker.h" />
		<Unit filename="src/util/System.cpp" />
		<Unit filename="src/util/System.h" />
		<Unit filename="src/util/Timer.cpp" />
		<Unit filename="src/util/Timer.h" />
		<Unit filename="src/util/Util.h" />
		<Unit filename="src/version.h" />
		<Extensions />
	</Project>
</CodeBlocks_project_file>
